{
  "nodes": {
    "nixpkgs": {
      "locked": {
        "lastModified": 1767628002,
        "narHash": "sha256-XMjHybP9zKNqPxFyVJmWQY1PG94c8fvSv806Vf25GrE=",
        "owner": "NixOS",
        "repo": "nixpkgs",
        "rev": "c4d3bbe305980cf82115ea6b21e7ec6d524f43f1",
        "type": "github"
      },
      "original": {
        "owner": "NixOS",
        "repo": "nixpkgs",
        "type": "github"
      }
    },
    "root": {
      "inputs": {
        "nixpkgs": "nixpkgs"
      }
    }
  },
  "root": "root",
  "version": 7
}
